
Microsoft Visual Studio Solution File, Format Version 12.00
# Visual Studio Version 17
VisualStudioVersion = 17.14.36518.9 d17.14
MinimumVisualStudioVersion = 10.0.40219.1
Project("{FAE04EC0-301F-11D3-BF4B-00C04F79EFBC}") = "Shop Application By Asim", "Shop Application By Asim.csproj", "{4D07755F-35E5-4FF0-BB3A-1398D2512BC9}"
EndProject
Global
	GlobalSection(SolutionConfigurationPlatforms) = preSolution
		Debug|Any CPU = Debug|Any CPU
		Release|Any CPU = Release|Any CPU
	EndGlobalSection
	GlobalSection(ProjectConfigurationPlatforms) = postSolution
		{4D07755F-35E5-4FF0-BB3A-1398D2512BC9}.Debug|Any CPU.ActiveCfg = Debug|Any CPU
		{4D07755F-35E5-4FF0-BB3A-1398D2512BC9}.Debug|Any CPU.Build.0 = Debug|Any CPU
		{4D07755F-35E5-4FF0-BB3A-1398D2512BC9}.Release|Any CPU.ActiveCfg = Release|Any CPU
		{4D07755F-35E5-4FF0-BB3A-1398D2512BC9}.Release|Any CPU.Build.0 = Release|Any CPU
	EndGlobalSection
	GlobalSection(SolutionProperties) = preSolution
		HideSolutionNode = FALSE
	EndGlobalSection
	GlobalSection(ExtensibilityGlobals) = postSolution
		SolutionGuid = {EE2F85C5-1768-4F83-A194-A9A1C5CD15B4}
	EndGlobalSection
EndGlobal
